
Microsoft Visual Studio Solution File, Format Version 12.00
# Visual Studio Version 17
VisualStudioVersion = 17.3.32804.467
MinimumVisualStudioVersion = 10.0.40219.1
Project("{2150E333-8FDC-42A3-9474-1A3956D46DE8}") = "src", "src", "{4C8628EE-7B2A-4BC8-9F79-C9EC66B9BF69}"
EndProject
Project("{2150E333-8FDC-42A3-9474-1A3956D46DE8}") = "services", "services", "{862395D9-62EC-49F5-A983-C15612FA1D98}"
EndProject
Project("{2150E333-8FDC-42A3-9474-1A3956D46DE8}") = "web", "web", "{6AF7ADEF-E08B-4DF0-943C-57C4D1E732CB}"
EndProject
Project("{9A19103F-16F7-4668-BE54-9A1E7A4F7556}") = "EventCatalogAPI", "EventCatalogAPI\EventCatalogAPI.csproj", "{0FE4E9F9-333C-46C8-B80B-0A3D673EF07D}"
EndProject
Project("{E53339B2-1760-4266-BCC7-CA923CBCF16C}") = "docker-compose", "docker-compose.dcproj", "{62D92CEA-C90D-4182-9C88-8BF1D14A5868}"
EndProject
Project("{9A19103F-16F7-4668-BE54-9A1E7A4F7556}") = "WebMvc", "WebMvc\WebMvc.csproj", "{F32083CE-78C8-46FD-82BC-B6E29DB06B8C}"
EndProject
Global
	GlobalSection(SolutionConfigurationPlatforms) = preSolution
		Debug|Any CPU = Debug|Any CPU
		Release|Any CPU = Release|Any CPU
	EndGlobalSection
	GlobalSection(ProjectConfigurationPlatforms) = postSolution
		{0FE4E9F9-333C-46C8-B80B-0A3D673EF07D}.Debug|Any CPU.ActiveCfg = Debug|Any CPU
		{0FE4E9F9-333C-46C8-B80B-0A3D673EF07D}.Debug|Any CPU.Build.0 = Debug|Any CPU
		{0FE4E9F9-333C-46C8-B80B-0A3D673EF07D}.Release|Any CPU.ActiveCfg = Release|Any CPU
		{0FE4E9F9-333C-46C8-B80B-0A3D673EF07D}.Release|Any CPU.Build.0 = Release|Any CPU
		{62D92CEA-C90D-4182-9C88-8BF1D14A5868}.Debug|Any CPU.ActiveCfg = Debug|Any CPU
		{62D92CEA-C90D-4182-9C88-8BF1D14A5868}.Debug|Any CPU.Build.0 = Debug|Any CPU
		{62D92CEA-C90D-4182-9C88-8BF1D14A5868}.Release|Any CPU.ActiveCfg = Release|Any CPU
		{62D92CEA-C90D-4182-9C88-8BF1D14A5868}.Release|Any CPU.Build.0 = Release|Any CPU
		{F32083CE-78C8-46FD-82BC-B6E29DB06B8C}.Debug|Any CPU.ActiveCfg = Debug|Any CPU
		{F32083CE-78C8-46FD-82BC-B6E29DB06B8C}.Debug|Any CPU.Build.0 = Debug|Any CPU
		{F32083CE-78C8-46FD-82BC-B6E29DB06B8C}.Release|Any CPU.ActiveCfg = Release|Any CPU
		{F32083CE-78C8-46FD-82BC-B6E29DB06B8C}.Release|Any CPU.Build.0 = Release|Any CPU
	EndGlobalSection
	GlobalSection(SolutionProperties) = preSolution
		HideSolutionNode = FALSE
	EndGlobalSection
	GlobalSection(NestedProjects) = preSolution
		{862395D9-62EC-49F5-A983-C15612FA1D98} = {4C8628EE-7B2A-4BC8-9F79-C9EC66B9BF69}
		{6AF7ADEF-E08B-4DF0-943C-57C4D1E732CB} = {4C8628EE-7B2A-4BC8-9F79-C9EC66B9BF69}
		{0FE4E9F9-333C-46C8-B80B-0A3D673EF07D} = {862395D9-62EC-49F5-A983-C15612FA1D98}
		{F32083CE-78C8-46FD-82BC-B6E29DB06B8C} = {6AF7ADEF-E08B-4DF0-943C-57C4D1E732CB}
	EndGlobalSection
	GlobalSection(ExtensibilityGlobals) = postSolution
		SolutionGuid = {0AE03D92-DDCB-460B-A77B-938092B3CE0B}
	EndGlobalSection
EndGlobal
